
Microsoft Visual Studio Solution File, Format Version 12.00
# Visual Studio Version 16
VisualStudioVersion = 16.0.31911.196
MinimumVisualStudioVersion = 10.0.40219.1
Project("{FAE04EC0-301F-11D3-BF4B-00C04F79EFBC}") = "prakashcrud", "prakashcrud\prakashcrud.csproj", "{6FE0B8B4-CBC8-47B3-A706-1BAF400269F9}"
EndProject
Global
	GlobalSection(SolutionConfigurationPlatforms) = preSolution
		Debug|Any CPU = Debug|Any CPU
		Release|Any CPU = Release|Any CPU
	EndGlobalSection
	GlobalSection(ProjectConfigurationPlatforms) = postSolution
		{6FE0B8B4-CBC8-47B3-A706-1BAF400269F9}.Debug|Any CPU.ActiveCfg = Debug|Any CPU
		{6FE0B8B4-CBC8-47B3-A706-1BAF400269F9}.Debug|Any CPU.Build.0 = Debug|Any CPU
		{6FE0B8B4-CBC8-47B3-A706-1BAF400269F9}.Release|Any CPU.ActiveCfg = Release|Any CPU
		{6FE0B8B4-CBC8-47B3-A706-1BAF400269F9}.Release|Any CPU.Build.0 = Release|Any CPU
	EndGlobalSection
	GlobalSection(SolutionProperties) = preSolution
		HideSolutionNode = FALSE
	EndGlobalSection
	GlobalSection(ExtensibilityGlobals) = postSolution
		SolutionGuid = {517E7663-F1CD-439A-809D-136AAF6BC68E}
	EndGlobalSection
EndGlobal
